
Microsoft Visual Studio Solution File, Format Version 12.00
# Visual Studio Version 17
VisualStudioVersion = 17.6.33815.320
MinimumVisualStudioVersion = 10.0.40219.1
Project("{FAE04EC0-301F-11D3-BF4B-00C04F79EFBC}") = "Advent2023_8", "Advent2023_8.csproj", "{56DF1F6F-7FAB-46E6-BE47-5B8BE80B6530}"
EndProject
Global
	GlobalSection(SolutionConfigurationPlatforms) = preSolution
		Debug|Any CPU = Debug|Any CPU
		Release|Any CPU = Release|Any CPU
	EndGlobalSection
	GlobalSection(ProjectConfigurationPlatforms) = postSolution
		{56DF1F6F-7FAB-46E6-BE47-5B8BE80B6530}.Debug|Any CPU.ActiveCfg = Debug|Any CPU
		{56DF1F6F-7FAB-46E6-BE47-5B8BE80B6530}.Debug|Any CPU.Build.0 = Debug|Any CPU
		{56DF1F6F-7FAB-46E6-BE47-5B8BE80B6530}.Release|Any CPU.ActiveCfg = Release|Any CPU
		{56DF1F6F-7FAB-46E6-BE47-5B8BE80B6530}.Release|Any CPU.Build.0 = Release|Any CPU
	EndGlobalSection
	GlobalSection(SolutionProperties) = preSolution
		HideSolutionNode = FALSE
	EndGlobalSection
	GlobalSection(ExtensibilityGlobals) = postSolution
		SolutionGuid = {F9601352-6F55-4D01-9AC2-F1C9EA5C1088}
	EndGlobalSection
EndGlobal
